
Microsoft Visual Studio Solution File, Format Version 12.00
# Visual Studio Version 17
VisualStudioVersion = 17.6.33801.468
MinimumVisualStudioVersion = 10.0.40219.1
Project("{FAE04EC0-301F-11D3-BF4B-00C04F79EFBC}") = "Kiuss.Models", "Kiuss.Models.csproj", "{0612EBED-7C48-4E36-B43D-DF49EA1427D4}"
EndProject
Global
	GlobalSection(SolutionConfigurationPlatforms) = preSolution
		Debug|Any CPU = Debug|Any CPU
		Release|Any CPU = Release|Any CPU
	EndGlobalSection
	GlobalSection(ProjectConfigurationPlatforms) = postSolution
		{0612EBED-7C48-4E36-B43D-DF49EA1427D4}.Debug|Any CPU.ActiveCfg = Debug|Any CPU
		{0612EBED-7C48-4E36-B43D-DF49EA1427D4}.Debug|Any CPU.Build.0 = Debug|Any CPU
		{0612EBED-7C48-4E36-B43D-DF49EA1427D4}.Release|Any CPU.ActiveCfg = Release|Any CPU
		{0612EBED-7C48-4E36-B43D-DF49EA1427D4}.Release|Any CPU.Build.0 = Release|Any CPU
	EndGlobalSection
	GlobalSection(SolutionProperties) = preSolution
		HideSolutionNode = FALSE
	EndGlobalSection
	GlobalSection(ExtensibilityGlobals) = postSolution
		SolutionGuid = {C8C2C05D-1375-4049-BC17-E970CAA01D5C}
	EndGlobalSection
EndGlobal
